
Microsoft Visual Studio Solution File, Format Version 12.00
# Visual Studio 15
VisualStudioVersion = 15.0.28010.2046
MinimumVisualStudioVersion = 10.0.40219.1
Project("{FAE04EC0-301F-11D3-BF4B-00C04F79EFBC}") = "LogansApp", "LogansApp\LogansApp.csproj", "{BA95DDCB-E55D-44D6-8ED9-B8A12ED8FEE3}"
EndProject
Global
	GlobalSection(SolutionConfigurationPlatforms) = preSolution
		Debug|Any CPU = Debug|Any CPU
		Release|Any CPU = Release|Any CPU
	EndGlobalSection
	GlobalSection(ProjectConfigurationPlatforms) = postSolution
		{BA95DDCB-E55D-44D6-8ED9-B8A12ED8FEE3}.Debug|Any CPU.ActiveCfg = Debug|Any CPU
		{BA95DDCB-E55D-44D6-8ED9-B8A12ED8FEE3}.Debug|Any CPU.Build.0 = Debug|Any CPU
		{BA95DDCB-E55D-44D6-8ED9-B8A12ED8FEE3}.Release|Any CPU.ActiveCfg = Release|Any CPU
		{BA95DDCB-E55D-44D6-8ED9-B8A12ED8FEE3}.Release|Any CPU.Build.0 = Release|Any CPU
	EndGlobalSection
	GlobalSection(SolutionProperties) = preSolution
		HideSolutionNode = FALSE
	EndGlobalSection
	GlobalSection(ExtensibilityGlobals) = postSolution
		SolutionGuid = {F4E8ABAD-3923-49D5-93B1-9747F0839FA0}
	EndGlobalSection
EndGlobal
